
Microsoft Visual Studio Solution File, Format Version 12.00
# Visual Studio Version 16
VisualStudioVersion = 16.0.30907.101
MinimumVisualStudioVersion = 10.0.40219.1
Project("{FAE04EC0-301F-11D3-BF4B-00C04F79EFBC}") = "WSinfoPedido", "WSinfoPedido\WSinfoPedido.csproj", "{1E7472B2-7F2B-42BB-949D-3C7C9C8FF037}"
EndProject
Global
	GlobalSection(SolutionConfigurationPlatforms) = preSolution
		Debug|Any CPU = Debug|Any CPU
		Release|Any CPU = Release|Any CPU
	EndGlobalSection
	GlobalSection(ProjectConfigurationPlatforms) = postSolution
		{1E7472B2-7F2B-42BB-949D-3C7C9C8FF037}.Debug|Any CPU.ActiveCfg = Debug|Any CPU
		{1E7472B2-7F2B-42BB-949D-3C7C9C8FF037}.Debug|Any CPU.Build.0 = Debug|Any CPU
		{1E7472B2-7F2B-42BB-949D-3C7C9C8FF037}.Release|Any CPU.ActiveCfg = Release|Any CPU
		{1E7472B2-7F2B-42BB-949D-3C7C9C8FF037}.Release|Any CPU.Build.0 = Release|Any CPU
	EndGlobalSection
	GlobalSection(SolutionProperties) = preSolution
		HideSolutionNode = FALSE
	EndGlobalSection
	GlobalSection(ExtensibilityGlobals) = postSolution
		SolutionGuid = {2B32FFEA-E0C7-4DF7-99F6-B6304640B1AE}
	EndGlobalSection
EndGlobal
